{
    "_readme": [
        "This file locks the dependencies of your project to a known state",
        "Read more about it at https://getcomposer.org/doc/01-basic-usage.md#composer-lock-the-lock-file",
        "This file is @generated automatically"
    ],
    "content-hash": "1ab202c6cf5a6f156132de666616088a",
    "packages": [
        {
            "name": "foorious/komunist",
            "version": "0.2.1",
            "source": {
                "type": "git",
                "url": "https://github.com/foorious-inc/komunist.git",
                "reference": "b4efcd9c5e40850bfec6afe0479200086a8504e8"
            },
            "require": {
                "noodlehaus/dispatch": "^10.2"
            },
            "type": "library",
            "autoload": {
                "psr-4": {
                    "": "src/"
                }
            },
            "license": [
                "MIT"
            ],
            "authors": [
                {
                    "name": "Niccolò Brogi",
                    "email": "me@nbrogi.com"
                }
            ],
            "description": "Utils/API for Italian comuni, provinces, and regions",
            "time": "2018-09-23T16:32:57+00:00"
        },
        {
            "name": "markbaker/complex",
            "version": "1.4.6",
            "source": {
                "type": "git",
                "url": "https://github.com/MarkBaker/PHPComplex.git",
                "reference": "a78d82ae4e682c3809fc3023d1b0ce654f6ab12b"
            },
            "dist": {
                "type": "zip",
                "url": "https://api.github.com/repos/MarkBaker/PHPComplex/zipball/a78d82ae4e682c3809fc3023d1b0ce654f6ab12b",
                "reference": "a78d82ae4e682c3809fc3023d1b0ce654f6ab12b",
                "shasum": ""
            },
            "require": {
                "php": "^5.6.0|^7.0.0"
            },
            "require-dev": {
                "dealerdirect/phpcodesniffer-composer-installer": "^0.4.3",
                "phpcompatibility/php-compatibility": "^8.0",
                "phpdocumentor/phpdocumentor": "2.*",
                "phploc/phploc": "2.*",
                "phpmd/phpmd": "2.*",
                "phpunit/phpunit": "^4.8.35|^5.4.0",
                "sebastian/phpcpd": "2.*",
                "squizlabs/php_codesniffer": "^3.3.0"
            },
            "type": "library",
            "autoload": {
                "psr-4": {
                    "Complex\\": "classes/src/"
                },
                "files": [
                    "classes/src/functions/abs.php",
                    "classes/src/functions/acos.php",
                    "classes/src/functions/acosh.php",
                    "classes/src/functions/acot.php",
                    "classes/src/functions/acoth.php",
                    "classes/src/functions/acsc.php",
                    "classes/src/functions/acsch.php",
                    "classes/src/functions/argument.php",
                    "classes/src/functions/asec.php",
                    "classes/src/functions/asech.php",
                    "classes/src/functions/asin.php",
                    "classes/src/functions/asinh.php",
                    "classes/src/functions/atan.php",
                    "classes/src/functions/atanh.php",
                    "classes/src/functions/conjugate.php",
                    "classes/src/functions/cos.php",
                    "classes/src/functions/cosh.php",
                    "classes/src/functions/cot.php",
                    "classes/src/functions/coth.php",
                    "classes/src/functions/csc.php",
                    "classes/src/functions/csch.php",
                    "classes/src/functions/exp.php",
                    "classes/src/functions/inverse.php",
                    "classes/src/functions/ln.php",
                    "classes/src/functions/log2.php",
                    "classes/src/functions/log10.php",
                    "classes/src/functions/negative.php",
                    "classes/src/functions/pow.php",
                    "classes/src/functions/rho.php",
                    "classes/src/functions/sec.php",
                    "classes/src/functions/sech.php",
                    "classes/src/functions/sin.php",
                    "classes/src/functions/sinh.php",
                    "classes/src/functions/sqrt.php",
                    "classes/src/functions/tan.php",
                    "classes/src/functions/tanh.php",
                    "classes/src/functions/theta.php",
                    "classes/src/operations/add.php",
                    "classes/src/operations/subtract.php",
                    "classes/src/operations/multiply.php",
                    "classes/src/operations/divideby.php",
                    "classes/src/operations/divideinto.php"
                ]
            },
            "notification-url": "https://packagist.org/downloads/",
            "license": [
                "MIT"
            ],
            "authors": [
                {
                    "name": "Mark Baker",
                    "email": "mark@lange.demon.co.uk"
                }
            ],
            "description": "PHP Class for working with complex numbers",
            "homepage": "https://github.com/MarkBaker/PHPComplex",
            "keywords": [
                "complex",
                "mathematics"
            ],
            "time": "2018-07-31T08:38:40+00:00"
        },
        {
            "name": "noodlehaus/dispatch",
            "version": "10.2.1",
            "source": {
                "type": "git",
                "url": "https://github.com/noodlehaus/dispatch.git",
                "reference": "ab7b2a976d45ff87a06cab3b1436c1b2763e8ac0"
            },
            "dist": {
                "type": "zip",
                "url": "https://api.github.com/repos/noodlehaus/dispatch/zipball/ab7b2a976d45ff87a06cab3b1436c1b2763e8ac0",
                "reference": "ab7b2a976d45ff87a06cab3b1436c1b2763e8ac0",
                "shasum": ""
            },
            "require": {
                "php": ">= 5.6.0"
            },
            "type": "library",
            "autoload": {
                "files": [
                    "dispatch.php"
                ]
            },
            "notification-url": "https://packagist.org/downloads/",
            "license": [
                "MIT"
            ],
            "authors": [
                {
                    "name": "Kafene",
                    "homepage": "https://github.com/kafene",
                    "role": "Contributor"
                },
                {
                    "name": "Martin Angelov",
                    "homepage": "https://github.com/martinaglv",
                    "role": "Contributor"
                },
                {
                    "name": "4d47",
                    "homepage": "https://github.com/4d47",
                    "role": "Contributor"
                },
                {
                    "name": "Bastian Widmer",
                    "homepage": "https://github.com/dasrecht",
                    "role": "Contributor"
                },
                {
                    "name": "Lloyd Zhou",
                    "homepage": "https://github.com/lloydzhou",
                    "role": "Contributor"
                },
                {
                    "name": "Darkalemanbr",
                    "homepage": "https://github.com/darkalemanbr",
                    "role": "Contributor"
                },
                {
                    "name": "Amin By",
                    "homepage": "https://github.com/xielingwang",
                    "role": "Contributor"
                },
                {
                    "name": "Ross Masters",
                    "homepage": "https://github.com/rmasters",
                    "role": "Contributor"
                },
                {
                    "name": "Tom Streller",
                    "homepage": "https://github.com/scan",
                    "role": "Contributor"
                },
                {
                    "name": "Lars",
                    "homepage": "https://github.com/larsbo",
                    "role": "Contributor"
                },
                {
                    "name": "Ciprian Danea",
                    "homepage": "https://github.com/cdanea",
                    "role": "Contributor"
                },
                {
                    "name": "Roman Ožana",
                    "homepage": "https://github.com/OzzyCzech",
                    "role": "Contributor"
                },
                {
                    "name": "Jesus A. Domingo",
                    "homepage": "http://github.com/noodlehaus/",
                    "role": "Developer"
                }
            ],
            "description": "a micro-routing library for PHP",
            "homepage": "http://github.com/noodlehaus/dispatch",
            "keywords": [
                "micro",
                "microframework",
                "microphp",
                "router"
            ],
            "time": "2016-02-03T17:02:06+00:00"
        },
        {
            "name": "phpoffice/phpspreadsheet",
            "version": "1.4.0",
            "source": {
                "type": "git",
                "url": "https://github.com/PHPOffice/PhpSpreadsheet.git",
                "reference": "125f462a718956f37d81305ca0df4f17cef0f3b9"
            },
            "dist": {
                "type": "zip",
                "url": "https://api.github.com/repos/PHPOffice/PhpSpreadsheet/zipball/125f462a718956f37d81305ca0df4f17cef0f3b9",
                "reference": "125f462a718956f37d81305ca0df4f17cef0f3b9",
                "shasum": ""
            },
            "require": {
                "ext-ctype": "*",
                "ext-dom": "*",
                "ext-gd": "*",
                "ext-iconv": "*",
                "ext-libxml": "*",
                "ext-mbstring": "*",
                "ext-simplexml": "*",
                "ext-xml": "*",
                "ext-xmlreader": "*",
                "ext-xmlwriter": "*",
                "ext-zip": "*",
                "ext-zlib": "*",
                "markbaker/complex": "^1.4.1",
                "php": "^5.6|^7.0",
                "psr/simple-cache": "^1.0"
            },
            "require-dev": {
                "dompdf/dompdf": "^0.8.0",
                "friendsofphp/php-cs-fixer": "@stable",
                "jpgraph/jpgraph": "^4.0",
                "mpdf/mpdf": "^7.0.0",
                "phpunit/phpunit": "^5.7",
                "squizlabs/php_codesniffer": "^3.3",
                "tecnickcom/tcpdf": "^6.2"
            },
            "suggest": {
                "dompdf/dompdf": "Option for rendering PDF with PDF Writer",
                "jpgraph/jpgraph": "Option for rendering charts, or including charts with PDF or HTML Writers",
                "mpdf/mpdf": "Option for rendering PDF with PDF Writer",
                "tecnick.com/tcpdf": "Option for rendering PDF with PDF Writer"
            },
            "type": "library",
            "autoload": {
                "psr-4": {
                    "PhpOffice\\PhpSpreadsheet\\": "src/PhpSpreadsheet"
                }
            },
            "notification-url": "https://packagist.org/downloads/",
            "license": [
                "LGPL-2.1-or-later"
            ],
            "authors": [
                {
                    "name": "Maarten Balliauw",
                    "homepage": "http://blog.maartenballiauw.be"
                },
                {
                    "name": "Erik Tilt"
                },
                {
                    "name": "Franck Lefevre",
                    "homepage": "http://rootslabs.net"
                },
                {
                    "name": "Mark Baker",
                    "homepage": "http://markbakeruk.net"
                }
            ],
            "description": "PHPSpreadsheet - Read, Create and Write Spreadsheet documents in PHP - Spreadsheet engine",
            "homepage": "https://github.com/PHPOffice/PhpSpreadsheet",
            "keywords": [
                "OpenXML",
                "excel",
                "gnumeric",
                "ods",
                "php",
                "spreadsheet",
                "xls",
                "xlsx"
            ],
            "time": "2018-08-06T02:58:06+00:00"
        },
        {
            "name": "phpspec/php-diff",
            "version": "v1.1.0",
            "source": {
                "type": "git",
                "url": "https://github.com/phpspec/php-diff.git",
                "reference": "0464787bfa7cd13576c5a1e318709768798bec6a"
            },
            "dist": {
                "type": "zip",
                "url": "https://api.github.com/repos/phpspec/php-diff/zipball/0464787bfa7cd13576c5a1e318709768798bec6a",
                "reference": "0464787bfa7cd13576c5a1e318709768798bec6a",
                "shasum": ""
            },
            "type": "library",
            "extra": {
                "branch-alias": {
                    "dev-master": "1.0.x-dev"
                }
            },
            "autoload": {
                "psr-0": {
                    "Diff": "lib/"
                }
            },
            "notification-url": "https://packagist.org/downloads/",
            "license": [
                "BSD-3-Clause"
            ],
            "authors": [
                {
                    "name": "Chris Boulton",
                    "homepage": "http://github.com/chrisboulton"
                }
            ],
            "description": "A comprehensive library for generating differences between two hashable objects (strings or arrays).",
            "time": "2016-04-07T12:29:16+00:00"
        },
        {
            "name": "psr/simple-cache",
            "version": "1.0.1",
            "source": {
                "type": "git",
                "url": "https://github.com/php-fig/simple-cache.git",
                "reference": "408d5eafb83c57f6365a3ca330ff23aa4a5fa39b"
            },
            "dist": {
                "type": "zip",
                "url": "https://api.github.com/repos/php-fig/simple-cache/zipball/408d5eafb83c57f6365a3ca330ff23aa4a5fa39b",
                "reference": "408d5eafb83c57f6365a3ca330ff23aa4a5fa39b",
                "shasum": ""
            },
            "require": {
                "php": ">=5.3.0"
            },
            "type": "library",
            "extra": {
                "branch-alias": {
                    "dev-master": "1.0.x-dev"
                }
            },
            "autoload": {
                "psr-4": {
                    "Psr\\SimpleCache\\": "src/"
                }
            },
            "notification-url": "https://packagist.org/downloads/",
            "license": [
                "MIT"
            ],
            "authors": [
                {
                    "name": "PHP-FIG",
                    "homepage": "http://www.php-fig.org/"
                }
            ],
            "description": "Common interfaces for simple caching",
            "keywords": [
                "cache",
                "caching",
                "psr",
                "psr-16",
                "simple-cache"
            ],
            "time": "2017-10-23T01:57:42+00:00"
        },
        {
            "name": "wyndow/fuzzywuzzy",
            "version": "v0.6.0",
            "source": {
                "type": "git",
                "url": "https://github.com/wyndow/fuzzywuzzy.git",
                "reference": "6249a966a97ffc231d743ea5c4ccb4e6797582f5"
            },
            "dist": {
                "type": "zip",
                "url": "https://api.github.com/repos/wyndow/fuzzywuzzy/zipball/6249a966a97ffc231d743ea5c4ccb4e6797582f5",
                "reference": "6249a966a97ffc231d743ea5c4ccb4e6797582f5",
                "shasum": ""
            },
            "require": {
                "php": ">=5.4",
                "phpspec/php-diff": "^1.0"
            },
            "require-dev": {
                "phpspec/phpspec": "^2.2"
            },
            "type": "library",
            "autoload": {
                "psr-4": {
                    "FuzzyWuzzy\\": "lib/"
                }
            },
            "notification-url": "https://packagist.org/downloads/",
            "license": [
                "MIT"
            ],
            "authors": [
                {
                    "name": "Michael Crumm",
                    "email": "mike@crumm.net"
                }
            ],
            "description": "Fuzzy string matching based on FuzzyWuzzy from Seatgeek",
            "time": "2017-04-25T21:20:44+00:00"
        }
    ],
    "packages-dev": [],
    "aliases": [],
    "minimum-stability": "dev",
    "stability-flags": [],
    "prefer-stable": true,
    "prefer-lowest": false,
    "platform": [],
    "platform-dev": []
}
